// !$*UTF8*$!
{
	archiveVersion = 1;
	classes = {
	};
	objectVersion = 77;
	objects = {

/* Begin PBXBuildFile section */
		0697A9632FC90614008402C7 /* LiquidNewsShareExtension.appex in Embed Foundation Extensions */ = {isa = PBXBuildFile; fileRef = 0697A9592FC90614008402C7 /* LiquidNewsShareExtension.appex */; settings = {ATTRIBUTES = (RemoveHeadersOnCopy, ); }; };
		AA000001000000000000004 /* StoreServiceTests.swift in Sources */ = {isa = PBXBuildFile; fileRef = AA000001000000000000002 /* StoreServiceTests.swift */; };
		AA000001000000000000005 /* HNURLRouterTests.swift in Sources */ = {isa = PBXBuildFile; fileRef = AA000001000000000000003 /* HNURLRouterTests.swift */; };
		AA000001000000000000010 /* FavouritesImportTests.swift in Sources */ = {isa = PBXBuildFile; fileRef = AA000001000000000000011 /* FavouritesImportTests.swift */; };
		AA000001000000000000012 /* HNItemTests.swift in Sources */ = {isa = PBXBuildFile; fileRef = AA000001000000000000013 /* HNItemTests.swift */; };
		AA000001000000000000015 /* HNAPIServiceTests.swift in Sources */ = {isa = PBXBuildFile; fileRef = AA000001000000000000014 /* HNAPIServiceTests.swift */; };
		AA000001000000000000018 /* StoriesViewModelTests.swift in Sources */ = {isa = PBXBuildFile; fileRef = AA000001000000000000019 /* StoriesViewModelTests.swift */; };
		AA00000100000000000001B /* DetailModeMappingTests.swift in Sources */ = {isa = PBXBuildFile; fileRef = AA00000100000000000001A /* DetailModeMappingTests.swift */; };
		AA00000100000000000001D /* IPadReaderLayoutTests.swift in Sources */ = {isa = PBXBuildFile; fileRef = AA00000100000000000001C /* IPadReaderLayoutTests.swift */; };
		AA000001000000000000020 /* WordsOfWisdomTests.swift in Sources */ = {isa = PBXBuildFile; fileRef = AA000001000000000000021 /* WordsOfWisdomTests.swift */; };
/* End PBXBuildFile section */

/* Begin PBXContainerItemProxy section */
		0697A9612FC90614008402C7 /* PBXContainerItemProxy */ = {
			isa = PBXContainerItemProxy;
			containerPortal = 66853FDA2F724480001B84E8 /* Project object */;
			proxyType = 1;
			remoteGlobalIDString = 0697A9582FC90614008402C7;
			remoteInfo = LiquidNewsShareExtension;
		};
		AA00000100000000000000C /* PBXContainerItemProxy */ = {
			isa = PBXContainerItemProxy;
			containerPortal = 66853FDA2F724480001B84E8 /* Project object */;
			proxyType = 1;
			remoteGlobalIDString = 66853FE12F724480001B84E8;
			remoteInfo = LiquidNews;
		};
/* End PBXContainerItemProxy section */

/* Begin PBXCopyFilesBuildPhase section */
		0697A9522FC90508008402C7 /* Embed Foundation Extensions */ = {
			isa = PBXCopyFilesBuildPhase;
			buildActionMask = 2147483647;
			dstPath = "";
			dstSubfolderSpec = 13;
			files = (
				0697A9632FC90614008402C7 /* LiquidNewsShareExtension.appex in Embed Foundation Extensions */,
			);
			name = "Embed Foundation Extensions";
			runOnlyForDeploymentPostprocessing = 0;
		};
/* End PBXCopyFilesBuildPhase section */

/* Begin PBXFileReference section */
		0697A9592FC90614008402C7 /* LiquidNewsShareExtension.appex */ = {isa = PBXFileReference; explicitFileType = "wrapper.app-extension"; includeInIndex = 0; path = LiquidNewsShareExtension.appex; sourceTree = BUILT_PRODUCTS_DIR; };
		66853FE22F724480001B84E8 /* LiquidNews.app */ = {isa = PBXFileReference; explicitFileType = wrapper.application; includeInIndex = 0; path = LiquidNews.app; sourceTree = BUILT_PRODUCTS_DIR; };
		AA000001000000000000001 /* LiquidNewsTests.xctest */ = {isa = PBXFileReference; explicitFileType = wrapper.cfbundle; includeInIndex = 0; path = LiquidNewsTests.xctest; sourceTree = BUILT_PRODUCTS_DIR; };
		AA000001000000000000002 /* StoreServiceTests.swift */ = {isa = PBXFileReference; lastKnownFileType = sourcecode.swift; path = StoreServiceTests.swift; sourceTree = "<group>"; };
		AA000001000000000000003 /* HNURLRouterTests.swift */ = {isa = PBXFileReference; lastKnownFileType = sourcecode.swift; path = HNURLRouterTests.swift; sourceTree = "<group>"; };
		AA000001000000000000011 /* FavouritesImportTests.swift */ = {isa = PBXFileReference; lastKnownFileType = sourcecode.swift; path = FavouritesImportTests.swift; sourceTree = "<group>"; };
		AA000001000000000000013 /* HNItemTests.swift */ = {isa = PBXFileReference; lastKnownFileType = sourcecode.swift; path = HNItemTests.swift; sourceTree = "<group>"; };
		AA000001000000000000014 /* HNAPIServiceTests.swift */ = {isa = PBXFileReference; lastKnownFileType = sourcecode.swift; path = HNAPIServiceTests.swift; sourceTree = "<group>"; };
		AA000001000000000000019 /* StoriesViewModelTests.swift */ = {isa = PBXFileReference; lastKnownFileType = sourcecode.swift; path = StoriesViewModelTests.swift; sourceTree = "<group>"; };
		AA00000100000000000001A /* DetailModeMappingTests.swift */ = {isa = PBXFileReference; lastKnownFileType = sourcecode.swift; path = DetailModeMappingTests.swift; sourceTree = "<group>"; };
		AA00000100000000000001C /* IPadReaderLayoutTests.swift */ = {isa = PBXFileReference; lastKnownFileType = sourcecode.swift; path = IPadReaderLayoutTests.swift; sourceTree = "<group>"; };
		AA000001000000000000021 /* WordsOfWisdomTests.swift */ = {isa = PBXFileReference; lastKnownFileType = sourcecode.swift; path = WordsOfWisdomTests.swift; sourceTree = "<group>"; };
/* End PBXFileReference section */

/* Begin PBXFileSystemSynchronizedBuildFileExceptionSet section */
		0697A9672FC90614008402C7 /* Exceptions for "LiquidNewsShareExtension" folder in "LiquidNewsShareExtension" target */ = {
			isa = PBXFileSystemSynchronizedBuildFileExceptionSet;
			membershipExceptions = (
				Info.plist,
			);
			target = 0697A9582FC90614008402C7 /* LiquidNewsShareExtension */;
		};
		66853FF02F724482001B84E8 /* Exceptions for "LiquidNews" folder in "LiquidNews" target */ = {
			isa = PBXFileSystemSynchronizedBuildFileExceptionSet;
			membershipExceptions = (
				Info.plist,
			);
			target = 66853FE12F724480001B84E8 /* LiquidNews */;
		};
/* End PBXFileSystemSynchronizedBuildFileExceptionSet section */

/* Begin PBXFileSystemSynchronizedRootGroup section */
		0697A95A2FC90614008402C7 /* LiquidNewsShareExtension */ = {
			isa = PBXFileSystemSynchronizedRootGroup;
			exceptions = (
				0697A9672FC90614008402C7 /* Exceptions for "LiquidNewsShareExtension" folder in "LiquidNewsShareExtension" target */,
			);
			path = LiquidNewsShareExtension;
			sourceTree = "<group>";
		};
		66853FE42F724480001B84E8 /* LiquidNews */ = {
			isa = PBXFileSystemSynchronizedRootGroup;
			exceptions = (
				66853FF02F724482001B84E8 /* Exceptions for "LiquidNews" folder in "LiquidNews" target */,
			);
			path = LiquidNews;
			sourceTree = "<group>";
		};
/* End PBXFileSystemSynchronizedRootGroup section */

/* Begin PBXFrameworksBuildPhase section */
		0697A9562FC90614008402C7 /* Frameworks */ = {
			isa = PBXFrameworksBuildPhase;
			buildActionMask = 2147483647;
			files = (
			);
			runOnlyForDeploymentPostprocessing = 0;
		};
		66853FDF2F724480001B84E8 /* Frameworks */ = {
			isa = PBXFrameworksBuildPhase;
			buildActionMask = 2147483647;
			files = (
			);
			runOnlyForDeploymentPostprocessing = 0;
		};
		AA000001000000000000006 /* Frameworks */ = {
			isa = PBXFrameworksBuildPhase;
			buildActionMask = 2147483647;
			files = (
			);
			runOnlyForDeploymentPostprocessing = 0;
		};
/* End PBXFrameworksBuildPhase section */

/* Begin PBXGroup section */
		66853FD92F724480001B84E8 = {
			isa = PBXGroup;
			children = (
				66853FE42F724480001B84E8 /* LiquidNews */,
				AA000001000000000000007 /* LiquidNewsTests */,
				0697A95A2FC90614008402C7 /* LiquidNewsShareExtension */,
				66853FE32F724480001B84E8 /* Products */,
			);
			sourceTree = "<group>";
		};
		66853FE32F724480001B84E8 /* Products */ = {
			isa = PBXGroup;
			children = (
				66853FE22F724480001B84E8 /* LiquidNews.app */,
				AA000001000000000000001 /* LiquidNewsTests.xctest */,
				0697A9592FC90614008402C7 /* LiquidNewsShareExtension.appex */,
			);
			name = Products;
			sourceTree = "<group>";
		};
		AA000001000000000000007 /* LiquidNewsTests */ = {
			isa = PBXGroup;
			children = (
				AA000001000000000000002 /* StoreServiceTests.swift */,
				AA000001000000000000003 /* HNURLRouterTests.swift */,
				AA000001000000000000011 /* FavouritesImportTests.swift */,
				AA000001000000000000013 /* HNItemTests.swift */,
				AA000001000000000000014 /* HNAPIServiceTests.swift */,
				AA000001000000000000019 /* StoriesViewModelTests.swift */,
				AA000001000000000000021 /* WordsOfWisdomTests.swift */,
				AA00000100000000000001A /* DetailModeMappingTests.swift */,
				AA00000100000000000001C /* IPadReaderLayoutTests.swift */,
			);
			path = LiquidNewsTests;
			sourceTree = "<group>";
		};
/* End PBXGroup section */

/* Begin PBXNativeTarget section */
		0697A9582FC90614008402C7 /* LiquidNewsShareExtension */ = {
			isa = PBXNativeTarget;
			buildConfigurationList = 0697A9642FC90614008402C7 /* Build configuration list for PBXNativeTarget "LiquidNewsShareExtension" */;
			buildPhases = (
				0697A9552FC90614008402C7 /* Sources */,
				0697A9562FC90614008402C7 /* Frameworks */,
				0697A9572FC90614008402C7 /* Resources */,
			);
			buildRules = (
			);
			dependencies = (
			);
			fileSystemSynchronizedGroups = (
				0697A95A2FC90614008402C7 /* LiquidNewsShareExtension */,
			);
			name = LiquidNewsShareExtension;
			packageProductDependencies = (
			);
			productName = LiquidNewsShareExtension;
			productReference = 0697A9592FC90614008402C7 /* LiquidNewsShareExtension.appex */;
			productType = "com.apple.product-type.app-extension";
		};
		66853FE12F724480001B84E8 /* LiquidNews */ = {
			isa = PBXNativeTarget;
			buildConfigurationList = 66853FED2F724482001B84E8 /* Build configuration list for PBXNativeTarget "LiquidNews" */;
			buildPhases = (
				66853FDE2F724480001B84E8 /* Sources */,
				66853FDF2F724480001B84E8 /* Frameworks */,
				66853FE02F724480001B84E8 /* Resources */,
				0697A9522FC90508008402C7 /* Embed Foundation Extensions */,
			);
			buildRules = (
			);
			dependencies = (
				0697A9622FC90614008402C7 /* PBXTargetDependency */,
			);
			fileSystemSynchronizedGroups = (
				66853FE42F724480001B84E8 /* LiquidNews */,
			);
			name = LiquidNews;
			packageProductDependencies = (
			);
			productName = LiquidNews;
			productReference = 66853FE22F724480001B84E8 /* LiquidNews.app */;
			productType = "com.apple.product-type.application";
		};
		AA000001000000000000008 /* LiquidNewsTests */ = {
			isa = PBXNativeTarget;
			buildConfigurationList = AA000001000000000000009 /* Build configuration list for PBXNativeTarget "LiquidNewsTests" */;
			buildPhases = (
				AA00000100000000000000A /* Sources */,
				AA000001000000000000006 /* Frameworks */,
			);
			buildRules = (
			);
			dependencies = (
				AA00000100000000000000B /* PBXTargetDependency */,
			);
			name = LiquidNewsTests;
			productName = LiquidNewsTests;
			productReference = AA000001000000000000001 /* LiquidNewsTests.xctest */;
			productType = "com.apple.product-type.bundle.unit-test";
		};
/* End PBXNativeTarget section */

/* Begin PBXProject section */
		66853FDA2F724480001B84E8 /* Project object */ = {
			isa = PBXProject;
			attributes = {
				BuildIndependentTargetsInParallel = 1;
				LastSwiftUpdateCheck = 2650;
				LastUpgradeCheck = 2640;
				TargetAttributes = {
					0697A9582FC90614008402C7 = {
						CreatedOnToolsVersion = 26.5;
					};
					66853FE12F724480001B84E8 = {
						CreatedOnToolsVersion = 26.3;
					};
					AA000001000000000000008 = {
						CreatedOnToolsVersion = 26.3;
						TestTargetID = 66853FE12F724480001B84E8;
					};
				};
			};
			buildConfigurationList = 66853FDD2F724480001B84E8 /* Build configuration list for PBXProject "LiquidNews" */;
			developmentRegion = en;
			hasScannedForEncodings = 0;
			knownRegions = (
				en,
				Base,
			);
			mainGroup = 66853FD92F724480001B84E8;
			minimizedProjectReferenceProxies = 1;
			preferredProjectObjectVersion = 77;
			productRefGroup = 66853FE32F724480001B84E8 /* Products */;
			projectDirPath = "";
			projectRoot = "";
			targets = (
				66853FE12F724480001B84E8 /* LiquidNews */,
				AA000001000000000000008 /* LiquidNewsTests */,
				0697A9582FC90614008402C7 /* LiquidNewsShareExtension */,
			);
		};
/* End PBXProject section */

/* Begin PBXResourcesBuildPhase section */
		0697A9572FC90614008402C7 /* Resources */ = {
			isa = PBXResourcesBuildPhase;
			buildActionMask = 2147483647;
			files = (
			);
			runOnlyForDeploymentPostprocessing = 0;
		};
		66853FE02F724480001B84E8 /* Resources */ = {
			isa = PBXResourcesBuildPhase;
			buildActionMask = 2147483647;
			files = (
			);
			runOnlyForDeploymentPostprocessing = 0;
		};
/* End PBXResourcesBuildPhase section */

/* Begin PBXSourcesBuildPhase section */
		0697A9552FC90614008402C7 /* Sources */ = {
			isa = PBXSourcesBuildPhase;
			buildActionMask = 2147483647;
			files = (
			);
			runOnlyForDeploymentPostprocessing = 0;
		};
		66853FDE2F724480001B84E8 /* Sources */ = {
			isa = PBXSourcesBuildPhase;
			buildActionMask = 2147483647;
			files = (
			);
			runOnlyForDeploymentPostprocessing = 0;
		};
		AA00000100000000000000A /* Sources */ = {
			isa = PBXSourcesBuildPhase;
			buildActionMask = 2147483647;
			files = (
				AA000001000000000000004 /* StoreServiceTests.swift in Sources */,
				AA000001000000000000005 /* HNURLRouterTests.swift in Sources */,
				AA000001000000000000010 /* FavouritesImportTests.swift in Sources */,
				AA000001000000000000012 /* HNItemTests.swift in Sources */,
				AA000001000000000000015 /* HNAPIServiceTests.swift in Sources */,
				AA000001000000000000018 /* StoriesViewModelTests.swift in Sources */,
				AA000001000000000000020 /* WordsOfWisdomTests.swift in Sources */,
				AA00000100000000000001B /* DetailModeMappingTests.swift in Sources */,
				AA00000100000000000001D /* IPadReaderLayoutTests.swift in Sources */,
			);
			runOnlyForDeploymentPostprocessing = 0;
		};
/* End PBXSourcesBuildPhase section */

/* Begin PBXTargetDependency section */
		0697A9622FC90614008402C7 /* PBXTargetDependency */ = {
			isa = PBXTargetDependency;
			target = 0697A9582FC90614008402C7 /* LiquidNewsShareExtension */;
			targetProxy = 0697A9612FC90614008402C7 /* PBXContainerItemProxy */;
		};
		AA00000100000000000000B /* PBXTargetDependency */ = {
			isa = PBXTargetDependency;
			target = 66853FE12F724480001B84E8 /* LiquidNews */;
			targetProxy = AA00000100000000000000C /* PBXContainerItemProxy */;
		};
/* End PBXTargetDependency section */

/* Begin XCBuildConfiguration section */
		0697A9652FC90614008402C7 /* Debug */ = {
			isa = XCBuildConfiguration;
			buildSettings = {
				CODE_SIGN_IDENTITY = "Apple Development";
				CODE_SIGN_STYLE = Automatic;
				CURRENT_PROJECT_VERSION = 1;
				DEVELOPMENT_TEAM = H6D6G7R575;
				GENERATE_INFOPLIST_FILE = YES;
				INFOPLIST_FILE = LiquidNewsShareExtension/Info.plist;
				INFOPLIST_KEY_CFBundleDisplayName = LiquidNewsShareExtension;
				INFOPLIST_KEY_NSHumanReadableCopyright = "";
				IPHONEOS_DEPLOYMENT_TARGET = 26.5;
				LD_RUNPATH_SEARCH_PATHS = (
					"$(inherited)",
					"@executable_path/Frameworks",
					"@executable_path/../../Frameworks",
				);
				MARKETING_VERSION = 1.0;
				PRODUCT_BUNDLE_IDENTIFIER = com.WhatTheShuck.LiquidNews.LiquidNewsShareExtension;
				PRODUCT_NAME = "$(TARGET_NAME)";
				SKIP_INSTALL = YES;
				STRING_CATALOG_GENERATE_SYMBOLS = YES;
				SWIFT_APPROACHABLE_CONCURRENCY = YES;
				SWIFT_EMIT_LOC_STRINGS = YES;
				SWIFT_UPCOMING_FEATURE_MEMBER_IMPORT_VISIBILITY = YES;
				SWIFT_VERSION = 5.0;
				TARGETED_DEVICE_FAMILY = "1,2";
			};
			name = Debug;
		};
		0697A9662FC90614008402C7 /* Release */ = {
			isa = XCBuildConfiguration;
			buildSettings = {
				CODE_SIGN_IDENTITY = "Apple Development";
				CODE_SIGN_STYLE = Automatic;
				CURRENT_PROJECT_VERSION = 1;
				DEVELOPMENT_TEAM = H6D6G7R575;
				GENERATE_INFOPLIST_FILE = YES;
				INFOPLIST_FILE = LiquidNewsShareExtension/Info.plist;
				INFOPLIST_KEY_CFBundleDisplayName = LiquidNewsShareExtension;
				INFOPLIST_KEY_NSHumanReadableCopyright = "";
				IPHONEOS_DEPLOYMENT_TARGET = 26.5;
				LD_RUNPATH_SEARCH_PATHS = (
					"$(inherited)",
					"@executable_path/Frameworks",
					"@executable_path/../../Frameworks",
				);
				MARKETING_VERSION = 1.0;
				PRODUCT_BUNDLE_IDENTIFIER = com.WhatTheShuck.LiquidNews.LiquidNewsShareExtension;
				PRODUCT_NAME = "$(TARGET_NAME)";
				SKIP_INSTALL = YES;
				STRING_CATALOG_GENERATE_SYMBOLS = YES;
				SWIFT_APPROACHABLE_CONCURRENCY = YES;
				SWIFT_EMIT_LOC_STRINGS = YES;
				SWIFT_UPCOMING_FEATURE_MEMBER_IMPORT_VISIBILITY = YES;
				SWIFT_VERSION = 5.0;
				TARGETED_DEVICE_FAMILY = "1,2";
			};
			name = Release;
		};
		66853FEB2F724482001B84E8 /* Debug */ = {
			isa = XCBuildConfiguration;
			buildSettings = {
				ALWAYS_SEARCH_USER_PATHS = NO;
				ASSETCATALOG_COMPILER_GENERATE_SWIFT_ASSET_SYMBOL_EXTENSIONS = YES;
				CLANG_ANALYZER_NONNULL = YES;
				CLANG_ANALYZER_NUMBER_OBJECT_CONVERSION = YES_AGGRESSIVE;
				CLANG_CXX_LANGUAGE_STANDARD = "gnu++20";
				CLANG_ENABLE_MODULES = YES;
				CLANG_ENABLE_OBJC_ARC = YES;
				CLANG_ENABLE_OBJC_WEAK = YES;
				CLANG_WARN_BLOCK_CAPTURE_AUTORELEASING = YES;
				CLANG_WARN_BOOL_CONVERSION = YES;
				CLANG_WARN_COMMA = YES;
				CLANG_WARN_CONSTANT_CONVERSION = YES;
				CLANG_WARN_DEPRECATED_OBJC_IMPLEMENTATIONS = YES;
				CLANG_WARN_DIRECT_OBJC_ISA_USAGE = YES_ERROR;
				CLANG_WARN_DOCUMENTATION_COMMENTS = YES;
				CLANG_WARN_EMPTY_BODY = YES;
				CLANG_WARN_ENUM_CONVERSION = YES;
				CLANG_WARN_INFINITE_RECURSION = YES;
				CLANG_WARN_INT_CONVERSION = YES;
				CLANG_WARN_NON_LITERAL_NULL_CONVERSION = YES;
				CLANG_WARN_OBJC_IMPLICIT_RETAIN_SELF = YES;
				CLANG_WARN_OBJC_LITERAL_CONVERSION = YES;
				CLANG_WARN_OBJC_ROOT_CLASS = YES_ERROR;
				CLANG_WARN_QUOTED_INCLUDE_IN_FRAMEWORK_HEADER = YES;
				CLANG_WARN_RANGE_LOOP_ANALYSIS = YES;
				CLANG_WARN_STRICT_PROTOTYPES = YES;
				CLANG_WARN_SUSPICIOUS_MOVE = YES;
				CLANG_WARN_UNGUARDED_AVAILABILITY = YES_AGGRESSIVE;
				CLANG_WARN_UNREACHABLE_CODE = YES;
				CLANG_WARN__DUPLICATE_METHOD_MATCH = YES;
				COPY_PHASE_STRIP = NO;
				DEBUG_INFORMATION_FORMAT = dwarf;
				DEVELOPMENT_TEAM = H6D6G7R575;
				ENABLE_STRICT_OBJC_MSGSEND = YES;
				ENABLE_TESTABILITY = YES;
				ENABLE_USER_SCRIPT_SANDBOXING = YES;
				GCC_C_LANGUAGE_STANDARD = gnu17;
				GCC_DYNAMIC_NO_PIC = NO;
				GCC_NO_COMMON_BLOCKS = YES;
				GCC_OPTIMIZATION_LEVEL = 0;
				GCC_PREPROCESSOR_DEFINITIONS = (
					"DEBUG=1",
					"$(inherited)",
				);
				GCC_WARN_64_TO_32_BIT_CONVERSION = YES;
				GCC_WARN_ABOUT_RETURN_TYPE = YES_ERROR;
				GCC_WARN_UNDECLARED_SELECTOR = YES;
				GCC_WARN_UNINITIALIZED_AUTOS = YES_AGGRESSIVE;
				GCC_WARN_UNUSED_FUNCTION = YES;
				GCC_WARN_UNUSED_VARIABLE = YES;
				IPHONEOS_DEPLOYMENT_TARGET = 26.2;
				LOCALIZATION_PREFERS_STRING_CATALOGS = YES;
				MTL_ENABLE_DEBUG_INFO = INCLUDE_SOURCE;
				MTL_FAST_MATH = YES;
				ONLY_ACTIVE_ARCH = YES;
				SDKROOT = iphoneos;
				STRING_CATALOG_GENERATE_SYMBOLS = YES;
				SWIFT_ACTIVE_COMPILATION_CONDITIONS = "DEBUG $(inherited)";
				SWIFT_OPTIMIZATION_LEVEL = "-Onone";
			};
			name = Debug;
		};
		66853FEC2F724482001B84E8 /* Release */ = {
			isa = XCBuildConfiguration;
			buildSettings = {
				ALWAYS_SEARCH_USER_PATHS = NO;
				ASSETCATALOG_COMPILER_GENERATE_SWIFT_ASSET_SYMBOL_EXTENSIONS = YES;
				CLANG_ANALYZER_NONNULL = YES;
				CLANG_ANALYZER_NUMBER_OBJECT_CONVERSION = YES_AGGRESSIVE;
				CLANG_CXX_LANGUAGE_STANDARD = "gnu++20";
				CLANG_ENABLE_MODULES = YES;
				CLANG_ENABLE_OBJC_ARC = YES;
				CLANG_ENABLE_OBJC_WEAK = YES;
				CLANG_WARN_BLOCK_CAPTURE_AUTORELEASING = YES;
				CLANG_WARN_BOOL_CONVERSION = YES;
				CLANG_WARN_COMMA = YES;
				CLANG_WARN_CONSTANT_CONVERSION = YES;
				CLANG_WARN_DEPRECATED_OBJC_IMPLEMENTATIONS = YES;
				CLANG_WARN_DIRECT_OBJC_ISA_USAGE = YES_ERROR;
				CLANG_WARN_DOCUMENTATION_COMMENTS = YES;
				CLANG_WARN_EMPTY_BODY = YES;
				CLANG_WARN_ENUM_CONVERSION = YES;
				CLANG_WARN_INFINITE_RECURSION = YES;
				CLANG_WARN_INT_CONVERSION = YES;
				CLANG_WARN_NON_LITERAL_NULL_CONVERSION = YES;
				CLANG_WARN_OBJC_IMPLICIT_RETAIN_SELF = YES;
				CLANG_WARN_OBJC_LITERAL_CONVERSION = YES;
				CLANG_WARN_OBJC_ROOT_CLASS = YES_ERROR;
				CLANG_WARN_QUOTED_INCLUDE_IN_FRAMEWORK_HEADER = YES;
				CLANG_WARN_RANGE_LOOP_ANALYSIS = YES;
				CLANG_WARN_STRICT_PROTOTYPES = YES;
				CLANG_WARN_SUSPICIOUS_MOVE = YES;
				CLANG_WARN_UNGUARDED_AVAILABILITY = YES_AGGRESSIVE;
				CLANG_WARN_UNREACHABLE_CODE = YES;
				CLANG_WARN__DUPLICATE_METHOD_MATCH = YES;
				COPY_PHASE_STRIP = NO;
				DEBUG_INFORMATION_FORMAT = "dwarf-with-dsym";
				DEVELOPMENT_TEAM = H6D6G7R575;
				ENABLE_NS_ASSERTIONS = NO;
				ENABLE_STRICT_OBJC_MSGSEND = YES;
				ENABLE_USER_SCRIPT_SANDBOXING = YES;
				GCC_C_LANGUAGE_STANDARD = gnu17;
				GCC_NO_COMMON_BLOCKS = YES;
				GCC_WARN_64_TO_32_BIT_CONVERSION = YES;
				GCC_WARN_ABOUT_RETURN_TYPE = YES_ERROR;
				GCC_WARN_UNDECLARED_SELECTOR = YES;
				GCC_WARN_UNINITIALIZED_AUTOS = YES_AGGRESSIVE;
				GCC_WARN_UNUSED_FUNCTION = YES;
				GCC_WARN_UNUSED_VARIABLE = YES;
				IPHONEOS_DEPLOYMENT_TARGET = 26.2;
				LOCALIZATION_PREFERS_STRING_CATALOGS = YES;
				MTL_ENABLE_DEBUG_INFO = NO;
				MTL_FAST_MATH = YES;
				SDKROOT = iphoneos;
				STRING_CATALOG_GENERATE_SYMBOLS = YES;
				SWIFT_COMPILATION_MODE = wholemodule;
				VALIDATE_PRODUCT = YES;
			};
			name = Release;
		};
		66853FEE2F724482001B84E8 /* Debug */ = {
			isa = XCBuildConfiguration;
			buildSettings = {
				ASSETCATALOG_COMPILER_ALTERNATE_APPICON_NAMES = AppIconAlt;
				ASSETCATALOG_COMPILER_APPICON_NAME = AppIcon;
				ASSETCATALOG_COMPILER_GLOBAL_ACCENT_COLOR_NAME = AccentColor;
				ASSETCATALOG_COMPILER_INCLUDE_ALL_APPICON_ASSETS = YES;
				CODE_SIGN_ENTITLEMENTS = LiquidNews/LiquidNews.entitlements;
				CODE_SIGN_IDENTITY = "Apple Development";
				CODE_SIGN_STYLE = Automatic;
				CURRENT_PROJECT_VERSION = 1;
				DEVELOPMENT_TEAM = H6D6G7R575;
				ENABLE_PREVIEWS = YES;
				GENERATE_INFOPLIST_FILE = YES;
				INFOPLIST_FILE = LiquidNews/Info.plist;
				INFOPLIST_KEY_UIApplicationSceneManifest_Generation = YES;
				INFOPLIST_KEY_UIApplicationSupportsIndirectInputEvents = YES;
				INFOPLIST_KEY_UILaunchScreen_Generation = YES;
				INFOPLIST_KEY_UISupportedInterfaceOrientations_iPad = "UIInterfaceOrientationPortrait UIInterfaceOrientationPortraitUpsideDown UIInterfaceOrientationLandscapeLeft UIInterfaceOrientationLandscapeRight";
				INFOPLIST_KEY_UISupportedInterfaceOrientations_iPhone = "UIInterfaceOrientationPortrait UIInterfaceOrientationLandscapeLeft UIInterfaceOrientationLandscapeRight";
				IPHONEOS_DEPLOYMENT_TARGET = 26.0;
				LD_RUNPATH_SEARCH_PATHS = (
					"$(inherited)",
					"@executable_path/Frameworks",
				);
				MARKETING_VERSION = 1.0;
				PRODUCT_BUNDLE_IDENTIFIER = com.WhatTheShuck.LiquidNews;
				PRODUCT_NAME = "$(TARGET_NAME)";
				PROVISIONING_PROFILE_SPECIFIER = "";
				STRING_CATALOG_GENERATE_SYMBOLS = YES;
				SWIFT_APPROACHABLE_CONCURRENCY = YES;
				SWIFT_DEFAULT_ACTOR_ISOLATION = MainActor;
				SWIFT_EMIT_LOC_STRINGS = YES;
				SWIFT_UPCOMING_FEATURE_MEMBER_IMPORT_VISIBILITY = YES;
				SWIFT_VERSION = 5.0;
				TARGETED_DEVICE_FAMILY = "1,2";
			};
			name = Debug;
		};
		66853FEF2F724482001B84E8 /* Release */ = {
			isa = XCBuildConfiguration;
			buildSettings = {
				ASSETCATALOG_COMPILER_ALTERNATE_APPICON_NAMES = AppIconAlt;
				ASSETCATALOG_COMPILER_APPICON_NAME = AppIcon;
				ASSETCATALOG_COMPILER_GLOBAL_ACCENT_COLOR_NAME = AccentColor;
				ASSETCATALOG_COMPILER_INCLUDE_ALL_APPICON_ASSETS = YES;
				CODE_SIGN_ENTITLEMENTS = LiquidNews/LiquidNews.entitlements;
				CODE_SIGN_IDENTITY = "Apple Development";
				CODE_SIGN_STYLE = Automatic;
				CURRENT_PROJECT_VERSION = 1;
				DEVELOPMENT_TEAM = H6D6G7R575;
				ENABLE_PREVIEWS = YES;
				GENERATE_INFOPLIST_FILE = YES;
				INFOPLIST_FILE = LiquidNews/Info.plist;
				INFOPLIST_KEY_UIApplicationSceneManifest_Generation = YES;
				INFOPLIST_KEY_UIApplicationSupportsIndirectInputEvents = YES;
				INFOPLIST_KEY_UILaunchScreen_Generation = YES;
				INFOPLIST_KEY_UISupportedInterfaceOrientations_iPad = "UIInterfaceOrientationPortrait UIInterfaceOrientationPortraitUpsideDown UIInterfaceOrientationLandscapeLeft UIInterfaceOrientationLandscapeRight";
				INFOPLIST_KEY_UISupportedInterfaceOrientations_iPhone = "UIInterfaceOrientationPortrait UIInterfaceOrientationLandscapeLeft UIInterfaceOrientationLandscapeRight";
				IPHONEOS_DEPLOYMENT_TARGET = 26.0;
				LD_RUNPATH_SEARCH_PATHS = (
					"$(inherited)",
					"@executable_path/Frameworks",
				);
				MARKETING_VERSION = 1.0;
				PRODUCT_BUNDLE_IDENTIFIER = com.WhatTheShuck.LiquidNews;
				PRODUCT_NAME = "$(TARGET_NAME)";
				PROVISIONING_PROFILE_SPECIFIER = "";
				STRING_CATALOG_GENERATE_SYMBOLS = YES;
				SWIFT_APPROACHABLE_CONCURRENCY = YES;
				SWIFT_DEFAULT_ACTOR_ISOLATION = MainActor;
				SWIFT_EMIT_LOC_STRINGS = YES;
				SWIFT_UPCOMING_FEATURE_MEMBER_IMPORT_VISIBILITY = YES;
				SWIFT_VERSION = 5.0;
				TARGETED_DEVICE_FAMILY = "1,2";
			};
			name = Release;
		};
		AA00000100000000000000D /* Debug */ = {
			isa = XCBuildConfiguration;
			buildSettings = {
				BUNDLE_LOADER = "$(TEST_HOST)";
				CODE_SIGN_STYLE = Automatic;
				CURRENT_PROJECT_VERSION = 1;
				DEVELOPMENT_TEAM = H6D6G7R575;
				GENERATE_INFOPLIST_FILE = YES;
				IPHONEOS_DEPLOYMENT_TARGET = 26.0;
				MARKETING_VERSION = 1.0;
				PRODUCT_BUNDLE_IDENTIFIER = com.WhatTheShuck.LiquidNewsTests;
				PRODUCT_NAME = "$(TARGET_NAME)";
				SDKROOT = iphoneos;
				SWIFT_APPROACHABLE_CONCURRENCY = YES;
				SWIFT_DEFAULT_ACTOR_ISOLATION = MainActor;
				SWIFT_UPCOMING_FEATURE_MEMBER_IMPORT_VISIBILITY = YES;
				SWIFT_VERSION = 5.0;
				TARGETED_DEVICE_FAMILY = "1,2";
				TEST_HOST = "$(BUILT_PRODUCTS_DIR)/LiquidNews.app/$(BUNDLE_EXECUTABLE_FOLDER_PATH)/LiquidNews";
			};
			name = Debug;
		};
		AA00000100000000000000E /* Release */ = {
			isa = XCBuildConfiguration;
			buildSettings = {
				BUNDLE_LOADER = "$(TEST_HOST)";
				CODE_SIGN_STYLE = Automatic;
				CURRENT_PROJECT_VERSION = 1;
				DEVELOPMENT_TEAM = H6D6G7R575;
				GENERATE_INFOPLIST_FILE = YES;
				IPHONEOS_DEPLOYMENT_TARGET = 26.0;
				MARKETING_VERSION = 1.0;
				PRODUCT_BUNDLE_IDENTIFIER = com.WhatTheShuck.LiquidNewsTests;
				PRODUCT_NAME = "$(TARGET_NAME)";
				SDKROOT = iphoneos;
				SWIFT_APPROACHABLE_CONCURRENCY = YES;
				SWIFT_DEFAULT_ACTOR_ISOLATION = MainActor;
				SWIFT_UPCOMING_FEATURE_MEMBER_IMPORT_VISIBILITY = YES;
				SWIFT_VERSION = 5.0;
				TARGETED_DEVICE_FAMILY = "1,2";
				TEST_HOST = "$(BUILT_PRODUCTS_DIR)/LiquidNews.app/$(BUNDLE_EXECUTABLE_FOLDER_PATH)/LiquidNews";
			};
			name = Release;
		};
/* End XCBuildConfiguration section */

/* Begin XCConfigurationList section */
		0697A9642FC90614008402C7 /* Build configuration list for PBXNativeTarget "LiquidNewsShareExtension" */ = {
			isa = XCConfigurationList;
			buildConfigurations = (
				0697A9652FC90614008402C7 /* Debug */,
				0697A9662FC90614008402C7 /* Release */,
			);
			defaultConfigurationIsVisible = 0;
			defaultConfigurationName = Release;
		};
		66853FDD2F724480001B84E8 /* Build configuration list for PBXProject "LiquidNews" */ = {
			isa = XCConfigurationList;
			buildConfigurations = (
				66853FEB2F724482001B84E8 /* Debug */,
				66853FEC2F724482001B84E8 /* Release */,
			);
			defaultConfigurationIsVisible = 0;
			defaultConfigurationName = Release;
		};
		66853FED2F724482001B84E8 /* Build configuration list for PBXNativeTarget "LiquidNews" */ = {
			isa = XCConfigurationList;
			buildConfigurations = (
				66853FEE2F724482001B84E8 /* Debug */,
				66853FEF2F724482001B84E8 /* Release */,
			);
			defaultConfigurationIsVisible = 0;
			defaultConfigurationName = Release;
		};
		AA000001000000000000009 /* Build configuration list for PBXNativeTarget "LiquidNewsTests" */ = {
			isa = XCConfigurationList;
			buildConfigurations = (
				AA00000100000000000000D /* Debug */,
				AA00000100000000000000E /* Release */,
			);
			defaultConfigurationIsVisible = 0;
			defaultConfigurationName = Release;
		};
/* End XCConfigurationList section */
	};
	rootObject = 66853FDA2F724480001B84E8 /* Project object */;
}
